
Microsoft Visual Studio Solution File, Format Version 12.00
Project("{FAE04EC0-301F-11D3-BF4B-00C04F79EFBC}") = "SuperBascketbool", "SuperBascketbool\SuperBascketbool.csproj", "{4E75BAF2-7F80-4A20-8500-D9E0C16FFA46}"
EndProject
Global
	GlobalSection(SolutionConfigurationPlatforms) = preSolution
		Debug|Any CPU = Debug|Any CPU
		Release|Any CPU = Release|Any CPU
	EndGlobalSection
	GlobalSection(ProjectConfigurationPlatforms) = postSolution
		{4E75BAF2-7F80-4A20-8500-D9E0C16FFA46}.Debug|Any CPU.ActiveCfg = Debug|Any CPU
		{4E75BAF2-7F80-4A20-8500-D9E0C16FFA46}.Debug|Any CPU.Build.0 = Debug|Any CPU
		{4E75BAF2-7F80-4A20-8500-D9E0C16FFA46}.Release|Any CPU.ActiveCfg = Release|Any CPU
		{4E75BAF2-7F80-4A20-8500-D9E0C16FFA46}.Release|Any CPU.Build.0 = Release|Any CPU
	EndGlobalSection
EndGlobal
